
Microsoft Visual Studio Solution File, Format Version 12.00
# Visual Studio Version 16
VisualStudioVersion = 16.0.30406.217
MinimumVisualStudioVersion = 10.0.40219.1
Project("{9A19103F-16F7-4668-BE54-9A1E7A4F7556}") = "Smtp", "Smtp\Smtp.csproj", "{699ABB01-1C74-42BF-8486-898803309F1C}"
EndProject
Project("{9A19103F-16F7-4668-BE54-9A1E7A4F7556}") = "EPPlusExportExcel", "EPPlusExportExcel\EPPlusExportExcel.csproj", "{60B484D2-1919-473C-B47C-E772B7E7DCA5}"
EndProject
Project("{2150E333-8FDC-42A3-9474-1A3956D46DE8}") = "1-EPPlus", "1-EPPlus", "{6B445936-C617-458A-A8D2-511E431CB88D}"
EndProject
Project("{2150E333-8FDC-42A3-9474-1A3956D46DE8}") = "2-SMTP", "2-SMTP", "{23F2754E-B805-415A-971B-0016F6F1D7EB}"
EndProject
Project("{2150E333-8FDC-42A3-9474-1A3956D46DE8}") = "3-OneSignal", "3-OneSignal", "{B0B7CED1-F53C-4471-811A-7346B694425C}"
EndProject
Project("{9A19103F-16F7-4668-BE54-9A1E7A4F7556}") = "OneSignal", "OneSignal\OneSignal.csproj", "{E571E802-9C40-4DA2-AA62-ECB454B31DAF}"
EndProject
Project("{2150E333-8FDC-42A3-9474-1A3956D46DE8}") = "4-Microsoft Teams", "4-Microsoft Teams", "{61B944F2-9EEE-4E9C-8F28-3F7FE934E679}"
EndProject
Project("{9A19103F-16F7-4668-BE54-9A1E7A4F7556}") = "MicrosoftTeam", "MicrosoftTeam\MicrosoftTeam.csproj", "{94E7EEC3-9158-403F-A2A9-914821014323}"
EndProject
Project("{9A19103F-16F7-4668-BE54-9A1E7A4F7556}") = "Microsoft.Graph.Auth", "Microsoft.Authencation\Microsoft.Graph.Auth.csproj", "{D2401B0E-141B-4311-A255-F52E7C6078B7}"
EndProject
Project("{2150E333-8FDC-42A3-9474-1A3956D46DE8}") = "5-QrCode", "5-QrCode", "{29165755-9393-40BD-BC4B-698A06972DB6}"
EndProject
Project("{9A19103F-16F7-4668-BE54-9A1E7A4F7556}") = "CreateQrCode", "CreateQrCode\CreateQrCode.csproj", "{4561A7F4-CA4A-4ED0-B5ED-CE93897DAF71}"
EndProject
Project("{2150E333-8FDC-42A3-9474-1A3956D46DE8}") = "6-HtmlToPdf", "6-HtmlToPdf", "{99FC8BBA-544F-4BB2-A100-4B9ACF7B69F2}"
EndProject
Project("{9A19103F-16F7-4668-BE54-9A1E7A4F7556}") = "HtmlToPdf", "HtmlToPdf\HtmlToPdf.csproj", "{56F8B609-FD36-4B78-BCD6-18480E0B5224}"
EndProject
Project("{2150E333-8FDC-42A3-9474-1A3956D46DE8}") = "7-Google Calendar", "7-Google Calendar", "{438B5C6A-267C-4290-8C0F-CF6F6EA4BA37}"
EndProject
Project("{9A19103F-16F7-4668-BE54-9A1E7A4F7556}") = "Google Calendar", "Google Calendar\Google Calendar.csproj", "{A7D5C85C-7EC7-4FD6-8129-728B0236F933}"
EndProject
Project("{2150E333-8FDC-42A3-9474-1A3956D46DE8}") = "8-Hangfire", "8-Hangfire", "{780B9082-5A5B-4590-B99D-77C93B3F6355}"
EndProject
Project("{9A19103F-16F7-4668-BE54-9A1E7A4F7556}") = "HangfireSample", "HangfireSample\HangfireSample.csproj", "{27EA965E-A68F-4A0A-8766-B3DD0EDB35C9}"
EndProject
Project("{2150E333-8FDC-42A3-9474-1A3956D46DE8}") = "9-AutoSurvey", "9-AutoSurvey", "{0D892704-09DC-4A91-9144-70E86F231598}"
EndProject
Project("{9A19103F-16F7-4668-BE54-9A1E7A4F7556}") = "AutoSurvey", "AutoSurvey\AutoSurvey\AutoSurvey.csproj", "{EF652DD7-7DED-453F-B2B3-7765466D031C}"
EndProject
Project("{2150E333-8FDC-42A3-9474-1A3956D46DE8}") = "10-Recaptcha", "10-Recaptcha", "{7B44E2A6-C441-4D16-8F4C-98889D6ED9F9}"
EndProject
Project("{9A19103F-16F7-4668-BE54-9A1E7A4F7556}") = "Recaptcha", "Recaptcha\Recaptcha.csproj", "{157EDF4F-7188-4F84-B693-923E72F748D2}"
EndProject
Project("{2150E333-8FDC-42A3-9474-1A3956D46DE8}") = "11-ImageToConsole", "11-ImageToConsole", "{2776D935-4EB0-4C63-A079-F4D04F7CAC73}"
EndProject
Project("{FAE04EC0-301F-11D3-BF4B-00C04F79EFBC}") = "ImageToConsole", "ImageToConsole\ImageToConsole.csproj", "{62C3E91D-C290-4189-86AF-8C6EBAB8F9B9}"
EndProject
Project("{2150E333-8FDC-42A3-9474-1A3956D46DE8}") = "12-OpenXML", "12-OpenXML", "{225A7E77-29B9-4700-AA6E-4D828E973B40}"
EndProject
Project("{9A19103F-16F7-4668-BE54-9A1E7A4F7556}") = "OpenXMLSample", "OpenXMLSample\OpenXMLSample.csproj", "{B0B54127-E1C6-4057-A75F-41A28AF33AD0}"
EndProject
Project("{2150E333-8FDC-42A3-9474-1A3956D46DE8}") = "13-Sort", "13-Sort", "{6541627B-9D7D-4A63-8A47-127789F0A556}"
EndProject
Project("{FAE04EC0-301F-11D3-BF4B-00C04F79EFBC}") = "SortVisualization", "SortVisualization\SortVisualization.csproj", "{F38DD780-E31F-4628-86ED-3FE42128CB6D}"
EndProject
Project("{2150E333-8FDC-42A3-9474-1A3956D46DE8}") = "14-Crawler", "14-Crawler", "{F37AE6BE-B311-456D-A707-C06D624F564F}"
EndProject
Project("{FAE04EC0-301F-11D3-BF4B-00C04F79EFBC}") = "Crawler", "Crawler\Crawler.csproj", "{63BE313B-ABAB-46F6-9021-D0D72F9580EE}"
EndProject
Project("{2150E333-8FDC-42A3-9474-1A3956D46DE8}") = "15-BarCode", "15-BarCode", "{6A64F7C0-9152-44D8-AD02-65576190850D}"
EndProject
Project("{FAE04EC0-301F-11D3-BF4B-00C04F79EFBC}") = "BarCode", "BarCode\BarCode.csproj", "{66FF5153-92B0-4C6C-AC3E-71EC6A89A9AE}"
EndProject
Global
	GlobalSection(SolutionConfigurationPlatforms) = preSolution
		Debug|Any CPU = Debug|Any CPU
		Release|Any CPU = Release|Any CPU
	EndGlobalSection
	GlobalSection(ProjectConfigurationPlatforms) = postSolution
		{699ABB01-1C74-42BF-8486-898803309F1C}.Debug|Any CPU.ActiveCfg = Debug|Any CPU
		{699ABB01-1C74-42BF-8486-898803309F1C}.Debug|Any CPU.Build.0 = Debug|Any CPU
		{699ABB01-1C74-42BF-8486-898803309F1C}.Release|Any CPU.ActiveCfg = Release|Any CPU
		{699ABB01-1C74-42BF-8486-898803309F1C}.Release|Any CPU.Build.0 = Release|Any CPU
		{60B484D2-1919-473C-B47C-E772B7E7DCA5}.Debug|Any CPU.ActiveCfg = Debug|Any CPU
		{60B484D2-1919-473C-B47C-E772B7E7DCA5}.Debug|Any CPU.Build.0 = Debug|Any CPU
		{60B484D2-1919-473C-B47C-E772B7E7DCA5}.Release|Any CPU.ActiveCfg = Release|Any CPU
		{60B484D2-1919-473C-B47C-E772B7E7DCA5}.Release|Any CPU.Build.0 = Release|Any CPU
		{E571E802-9C40-4DA2-AA62-ECB454B31DAF}.Debug|Any CPU.ActiveCfg = Debug|Any CPU
		{E571E802-9C40-4DA2-AA62-ECB454B31DAF}.Debug|Any CPU.Build.0 = Debug|Any CPU
		{E571E802-9C40-4DA2-AA62-ECB454B31DAF}.Release|Any CPU.ActiveCfg = Release|Any CPU
		{E571E802-9C40-4DA2-AA62-ECB454B31DAF}.Release|Any CPU.Build.0 = Release|Any CPU
		{94E7EEC3-9158-403F-A2A9-914821014323}.Debug|Any CPU.ActiveCfg = Debug|Any CPU
		{94E7EEC3-9158-403F-A2A9-914821014323}.Debug|Any CPU.Build.0 = Debug|Any CPU
		{94E7EEC3-9158-403F-A2A9-914821014323}.Release|Any CPU.ActiveCfg = Release|Any CPU
		{94E7EEC3-9158-403F-A2A9-914821014323}.Release|Any CPU.Build.0 = Release|Any CPU
		{D2401B0E-141B-4311-A255-F52E7C6078B7}.Debug|Any CPU.ActiveCfg = Debug|Any CPU
		{D2401B0E-141B-4311-A255-F52E7C6078B7}.Debug|Any CPU.Build.0 = Debug|Any CPU
		{D2401B0E-141B-4311-A255-F52E7C6078B7}.Release|Any CPU.ActiveCfg = Release|Any CPU
		{D2401B0E-141B-4311-A255-F52E7C6078B7}.Release|Any CPU.Build.0 = Release|Any CPU
		{4561A7F4-CA4A-4ED0-B5ED-CE93897DAF71}.Debug|Any CPU.ActiveCfg = Debug|Any CPU
		{4561A7F4-CA4A-4ED0-B5ED-CE93897DAF71}.Debug|Any CPU.Build.0 = Debug|Any CPU
		{4561A7F4-CA4A-4ED0-B5ED-CE93897DAF71}.Release|Any CPU.ActiveCfg = Release|Any CPU
		{4561A7F4-CA4A-4ED0-B5ED-CE93897DAF71}.Release|Any CPU.Build.0 = Release|Any CPU
		{56F8B609-FD36-4B78-BCD6-18480E0B5224}.Debug|Any CPU.ActiveCfg = Debug|Any CPU
		{56F8B609-FD36-4B78-BCD6-18480E0B5224}.Debug|Any CPU.Build.0 = Debug|Any CPU
		{56F8B609-FD36-4B78-BCD6-18480E0B5224}.Release|Any CPU.ActiveCfg = Release|Any CPU
		{56F8B609-FD36-4B78-BCD6-18480E0B5224}.Release|Any CPU.Build.0 = Release|Any CPU
		{A7D5C85C-7EC7-4FD6-8129-728B0236F933}.Debug|Any CPU.ActiveCfg = Debug|Any CPU
		{A7D5C85C-7EC7-4FD6-8129-728B0236F933}.Debug|Any CPU.Build.0 = Debug|Any CPU
		{A7D5C85C-7EC7-4FD6-8129-728B0236F933}.Release|Any CPU.ActiveCfg = Release|Any CPU
		{A7D5C85C-7EC7-4FD6-8129-728B0236F933}.Release|Any CPU.Build.0 = Release|Any CPU
		{27EA965E-A68F-4A0A-8766-B3DD0EDB35C9}.Debug|Any CPU.ActiveCfg = Debug|Any CPU
		{27EA965E-A68F-4A0A-8766-B3DD0EDB35C9}.Debug|Any CPU.Build.0 = Debug|Any CPU
		{27EA965E-A68F-4A0A-8766-B3DD0EDB35C9}.Release|Any CPU.ActiveCfg = Release|Any CPU
		{27EA965E-A68F-4A0A-8766-B3DD0EDB35C9}.Release|Any CPU.Build.0 = Release|Any CPU
		{EF652DD7-7DED-453F-B2B3-7765466D031C}.Debug|Any CPU.ActiveCfg = Debug|Any CPU
		{EF652DD7-7DED-453F-B2B3-7765466D031C}.Debug|Any CPU.Build.0 = Debug|Any CPU
		{EF652DD7-7DED-453F-B2B3-7765466D031C}.Release|Any CPU.ActiveCfg = Release|Any CPU
		{EF652DD7-7DED-453F-B2B3-7765466D031C}.Release|Any CPU.Build.0 = Release|Any CPU
		{157EDF4F-7188-4F84-B693-923E72F748D2}.Debug|Any CPU.ActiveCfg = Debug|Any CPU
		{157EDF4F-7188-4F84-B693-923E72F748D2}.Debug|Any CPU.Build.0 = Debug|Any CPU
		{157EDF4F-7188-4F84-B693-923E72F748D2}.Release|Any CPU.ActiveCfg = Release|Any CPU
		{157EDF4F-7188-4F84-B693-923E72F748D2}.Release|Any CPU.Build.0 = Release|Any CPU
		{62C3E91D-C290-4189-86AF-8C6EBAB8F9B9}.Debug|Any CPU.ActiveCfg = Debug|Any CPU
		{62C3E91D-C290-4189-86AF-8C6EBAB8F9B9}.Debug|Any CPU.Build.0 = Debug|Any CPU
		{62C3E91D-C290-4189-86AF-8C6EBAB8F9B9}.Release|Any CPU.ActiveCfg = Release|Any CPU
		{62C3E91D-C290-4189-86AF-8C6EBAB8F9B9}.Release|Any CPU.Build.0 = Release|Any CPU
		{B0B54127-E1C6-4057-A75F-41A28AF33AD0}.Debug|Any CPU.ActiveCfg = Debug|Any CPU
		{B0B54127-E1C6-4057-A75F-41A28AF33AD0}.Debug|Any CPU.Build.0 = Debug|Any CPU
		{B0B54127-E1C6-4057-A75F-41A28AF33AD0}.Release|Any CPU.ActiveCfg = Release|Any CPU
		{B0B54127-E1C6-4057-A75F-41A28AF33AD0}.Release|Any CPU.Build.0 = Release|Any CPU
		{F38DD780-E31F-4628-86ED-3FE42128CB6D}.Debug|Any CPU.ActiveCfg = Debug|Any CPU
		{F38DD780-E31F-4628-86ED-3FE42128CB6D}.Debug|Any CPU.Build.0 = Debug|Any CPU
		{F38DD780-E31F-4628-86ED-3FE42128CB6D}.Release|Any CPU.ActiveCfg = Release|Any CPU
		{F38DD780-E31F-4628-86ED-3FE42128CB6D}.Release|Any CPU.Build.0 = Release|Any CPU
		{63BE313B-ABAB-46F6-9021-D0D72F9580EE}.Debug|Any CPU.ActiveCfg = Debug|Any CPU
		{63BE313B-ABAB-46F6-9021-D0D72F9580EE}.Debug|Any CPU.Build.0 = Debug|Any CPU
		{63BE313B-ABAB-46F6-9021-D0D72F9580EE}.Release|Any CPU.ActiveCfg = Release|Any CPU
		{63BE313B-ABAB-46F6-9021-D0D72F9580EE}.Release|Any CPU.Build.0 = Release|Any CPU
		{66FF5153-92B0-4C6C-AC3E-71EC6A89A9AE}.Debug|Any CPU.ActiveCfg = Debug|Any CPU
		{66FF5153-92B0-4C6C-AC3E-71EC6A89A9AE}.Debug|Any CPU.Build.0 = Debug|Any CPU
		{66FF5153-92B0-4C6C-AC3E-71EC6A89A9AE}.Release|Any CPU.ActiveCfg = Release|Any CPU
		{66FF5153-92B0-4C6C-AC3E-71EC6A89A9AE}.Release|Any CPU.Build.0 = Release|Any CPU
	EndGlobalSection
	GlobalSection(SolutionProperties) = preSolution
		HideSolutionNode = FALSE
	EndGlobalSection
	GlobalSection(NestedProjects) = preSolution
		{699ABB01-1C74-42BF-8486-898803309F1C} = {23F2754E-B805-415A-971B-0016F6F1D7EB}
		{60B484D2-1919-473C-B47C-E772B7E7DCA5} = {6B445936-C617-458A-A8D2-511E431CB88D}
		{E571E802-9C40-4DA2-AA62-ECB454B31DAF} = {B0B7CED1-F53C-4471-811A-7346B694425C}
		{94E7EEC3-9158-403F-A2A9-914821014323} = {61B944F2-9EEE-4E9C-8F28-3F7FE934E679}
		{D2401B0E-141B-4311-A255-F52E7C6078B7} = {61B944F2-9EEE-4E9C-8F28-3F7FE934E679}
		{4561A7F4-CA4A-4ED0-B5ED-CE93897DAF71} = {29165755-9393-40BD-BC4B-698A06972DB6}
		{56F8B609-FD36-4B78-BCD6-18480E0B5224} = {99FC8BBA-544F-4BB2-A100-4B9ACF7B69F2}
		{A7D5C85C-7EC7-4FD6-8129-728B0236F933} = {438B5C6A-267C-4290-8C0F-CF6F6EA4BA37}
		{27EA965E-A68F-4A0A-8766-B3DD0EDB35C9} = {780B9082-5A5B-4590-B99D-77C93B3F6355}
		{EF652DD7-7DED-453F-B2B3-7765466D031C} = {0D892704-09DC-4A91-9144-70E86F231598}
		{157EDF4F-7188-4F84-B693-923E72F748D2} = {7B44E2A6-C441-4D16-8F4C-98889D6ED9F9}
		{62C3E91D-C290-4189-86AF-8C6EBAB8F9B9} = {2776D935-4EB0-4C63-A079-F4D04F7CAC73}
		{B0B54127-E1C6-4057-A75F-41A28AF33AD0} = {225A7E77-29B9-4700-AA6E-4D828E973B40}
		{F38DD780-E31F-4628-86ED-3FE42128CB6D} = {6541627B-9D7D-4A63-8A47-127789F0A556}
		{63BE313B-ABAB-46F6-9021-D0D72F9580EE} = {F37AE6BE-B311-456D-A707-C06D624F564F}
		{66FF5153-92B0-4C6C-AC3E-71EC6A89A9AE} = {6A64F7C0-9152-44D8-AD02-65576190850D}
	EndGlobalSection
	GlobalSection(ExtensibilityGlobals) = postSolution
		SolutionGuid = {88C1B60D-60B7-455F-A311-CEE59A19758C}
	EndGlobalSection
EndGlobal
